
Microsoft Visual Studio Solution File, Format Version 12.00
# Visual Studio Version 17
VisualStudioVersion = 17.1.32328.378
MinimumVisualStudioVersion = 10.0.40219.1
Project("{FAE04EC0-301F-11D3-BF4B-00C04F79EFBC}") = "TransferLearningTF", "TransferLearningTF.csproj", "{C8195CB2-BC5F-49A2-9EF4-B45BB5FA8B17}"
EndProject
Global
	GlobalSection(SolutionConfigurationPlatforms) = preSolution
		Debug|Any CPU = Debug|Any CPU
		Release|Any CPU = Release|Any CPU
	EndGlobalSection
	GlobalSection(ProjectConfigurationPlatforms) = postSolution
		{C8195CB2-BC5F-49A2-9EF4-B45BB5FA8B17}.Debug|Any CPU.ActiveCfg = Debug|Any CPU
		{C8195CB2-BC5F-49A2-9EF4-B45BB5FA8B17}.Debug|Any CPU.Build.0 = Debug|Any CPU
		{C8195CB2-BC5F-49A2-9EF4-B45BB5FA8B17}.Release|Any CPU.ActiveCfg = Release|Any CPU
		{C8195CB2-BC5F-49A2-9EF4-B45BB5FA8B17}.Release|Any CPU.Build.0 = Release|Any CPU
	EndGlobalSection
	GlobalSection(SolutionProperties) = preSolution
		HideSolutionNode = FALSE
	EndGlobalSection
	GlobalSection(ExtensibilityGlobals) = postSolution
		SolutionGuid = {176DE38D-F796-4030-A577-2FA6FE4E662B}
	EndGlobalSection
EndGlobal
